// !$*UTF8*$!
{
	archiveVersion = 1;
	classes = {
	};
	objectVersion = 50;
	objects = {

/* Begin PBXBuildFile section */
		03656A7320D2482200CFC5D7 /* AppDelegate.swift in Sources */ = {isa = PBXBuildFile; fileRef = 03656A7220D2482200CFC5D7 /* AppDelegate.swift */; };
		03656A7520D2482200CFC5D7 /* ViewController.swift in Sources */ = {isa = PBXBuildFile; fileRef = 03656A7420D2482200CFC5D7 /* ViewController.swift */; };
		03656A7820D2482200CFC5D7 /* Main.storyboard in Resources */ = {isa = PBXBuildFile; fileRef = 03656A7620D2482200CFC5D7 /* Main.storyboard */; };
		03656A7A20D2482400CFC5D7 /* Assets.xcassets in Resources */ = {isa = PBXBuildFile; fileRef = 03656A7920D2482400CFC5D7 /* Assets.xcassets */; };
		03656A7D20D2482400CFC5D7 /* LaunchScreen.storyboard in Resources */ = {isa = PBXBuildFile; fileRef = 03656A7B20D2482400CFC5D7 /* LaunchScreen.storyboard */; };
		335FA9FFB172673BF489C05A /* Pods_TestLineChart.framework in Frameworks */ = {isa = PBXBuildFile; fileRef = 1A2C572C121A4CE4896E4011 /* Pods_TestLineChart.framework */; };
/* End PBXBuildFile section */

/* Begin PBXFileReference section */
		03656A6F20D2482200CFC5D7 /* TestLineChart.app */ = {isa = PBXFileReference; explicitFileType = wrapper.application; includeInIndex = 0; path = TestLineChart.app; sourceTree = BUILT_PRODUCTS_DIR; };
		03656A7220D2482200CFC5D7 /* AppDelegate.swift */ = {isa = PBXFileReference; lastKnownFileType = sourcecode.swift; path = AppDelegate.swift; sourceTree = "<group>"; };
		03656A7420D2482200CFC5D7 /* ViewController.swift */ = {isa = PBXFileReference; lastKnownFileType = sourcecode.swift; path = ViewController.swift; sourceTree = "<group>"; };
		03656A7720D2482200CFC5D7 /* Base */ = {isa = PBXFileReference; lastKnownFileType = file.storyboard; name = Base; path = Base.lproj/Main.storyboard; sourceTree = "<group>"; };
		03656A7920D2482400CFC5D7 /* Assets.xcassets */ = {isa = PBXFileReference; lastKnownFileType = folder.assetcatalog; path = Assets.xcassets; sourceTree = "<group>"; };
		03656A7C20D2482400CFC5D7 /* Base */ = {isa = PBXFileReference; lastKnownFileType = file.storyboard; name = Base; path = Base.lproj/LaunchScreen.storyboard; sourceTree = "<group>"; };
		03656A7E20D2482400CFC5D7 /* Info.plist */ = {isa = PBXFileReference; lastKnownFileType = text.plist.xml; path = Info.plist; sourceTree = "<group>"; };
		08E7D91A3137D97A7B5173BC /* Pods-TestLineChart.debug.xcconfig */ = {isa = PBXFileReference; includeInIndex = 1; lastKnownFileType = text.xcconfig; name = "Pods-TestLineChart.debug.xcconfig"; path = "Pods/Target Support Files/Pods-TestLineChart/Pods-TestLineChart.debug.xcconfig"; sourceTree = "<group>"; };
		1A2C572C121A4CE4896E4011 /* Pods_TestLineChart.framework */ = {isa = PBXFileReference; explicitFileType = wrapper.framework; includeInIndex = 0; path = Pods_TestLineChart.framework; sourceTree = BUILT_PRODUCTS_DIR; };
		7396FB12E0E5BA119E587DB1 /* Pods-TestLineChart.release.xcconfig */ = {isa = PBXFileReference; includeInIndex = 1; lastKnownFileType = text.xcconfig; name = "Pods-TestLineChart.release.xcconfig"; path = "Pods/Target Support Files/Pods-TestLineChart/Pods-TestLineChart.release.xcconfig"; sourceTree = "<group>"; };
/* End PBXFileReference section */

/* Begin PBXFrameworksBuildPhase section */
		03656A6C20D2482200CFC5D7 /* Frameworks */ = {
			isa = PBXFrameworksBuildPhase;
			buildActionMask = 2147483647;
			files = (
				335FA9FFB172673BF489C05A /* Pods_TestLineChart.framework in Frameworks */,
			);
			runOnlyForDeploymentPostprocessing = 0;
		};
/* End PBXFrameworksBuildPhase section */

/* Begin PBXGroup section */
		03656A6620D2482200CFC5D7 = {
			isa = PBXGroup;
			children = (
				03656A7120D2482200CFC5D7 /* TestLineChart */,
				03656A7020D2482200CFC5D7 /* Products */,
				0D98F7797A9D6FDC62D4DEEC /* Pods */,
				11A224165C3D8D26C1EC6FA7 /* Frameworks */,
			);
			sourceTree = "<group>";
		};
		03656A7020D2482200CFC5D7 /* Products */ = {
			isa = PBXGroup;
			children = (
				03656A6F20D2482200CFC5D7 /* TestLineChart.app */,
			);
			name = Products;
			sourceTree = "<group>";
		};
		03656A7120D2482200CFC5D7 /* TestLineChart */ = {
			isa = PBXGroup;
			children = (
				03656A7220D2482200CFC5D7 /* AppDelegate.swift */,
				03656A7420D2482200CFC5D7 /* ViewController.swift */,
				03656A7620D2482200CFC5D7 /* Main.storyboard */,
				03656A7920D2482400CFC5D7 /* Assets.xcassets */,
				03656A7B20D2482400CFC5D7 /* LaunchScreen.storyboard */,
				03656A7E20D2482400CFC5D7 /* Info.plist */,
			);
			path = TestLineChart;
			sourceTree = "<group>";
		};
		0D98F7797A9D6FDC62D4DEEC /* Pods */ = {
			isa = PBXGroup;
			children = (
				08E7D91A3137D97A7B5173BC /* Pods-TestLineChart.debug.xcconfig */,
				7396FB12E0E5BA119E587DB1 /* Pods-TestLineChart.release.xcconfig */,
			);
			name = Pods;
			sourceTree = "<group>";
		};
		11A224165C3D8D26C1EC6FA7 /* Frameworks */ = {
			isa = PBXGroup;
			children = (
				1A2C572C121A4CE4896E4011 /* Pods_TestLineChart.framework */,
			);
			name = Frameworks;
			sourceTree = "<group>";
		};
/* End PBXGroup section */

/* Begin PBXNativeTarget section */
		03656A6E20D2482200CFC5D7 /* TestLineChart */ = {
			isa = PBXNativeTarget;
			buildConfigurationList = 03656A8120D2482400CFC5D7 /* Build configuration list for PBXNativeTarget "TestLineChart" */;
			buildPhases = (
				7057D5CBEA7E1CF658A83CCE /* [CP] Check Pods Manifest.lock */,
				03656A6B20D2482200CFC5D7 /* Sources */,
				03656A6C20D2482200CFC5D7 /* Frameworks */,
				03656A6D20D2482200CFC5D7 /* Resources */,
				ED52106CA768675FB33275DD /* [CP] Embed Pods Frameworks */,
			);
			buildRules = (
			);
			dependencies = (
			);
			name = TestLineChart;
			productName = TestLineChart;
			productReference = 03656A6F20D2482200CFC5D7 /* TestLineChart.app */;
			productType = "com.apple.product-type.application";
		};
/* End PBXNativeTarget section */

/* Begin PBXProject section */
		03656A6720D2482200CFC5D7 /* Project object */ = {
			isa = PBXProject;
			attributes = {
				LastSwiftUpdateCheck = 0930;
				LastUpgradeCheck = 0930;
				ORGANIZATIONNAME = hnc;
				TargetAttributes = {
					03656A6E20D2482200CFC5D7 = {
						CreatedOnToolsVersion = 9.3;
					};
				};
			};
			buildConfigurationList = 03656A6A20D2482200CFC5D7 /* Build configuration list for PBXProject "TestLineChart" */;
			compatibilityVersion = "Xcode 9.3";
			developmentRegion = en;
			hasScannedForEncodings = 0;
			knownRegions = (
				en,
				Base,
			);
			mainGroup = 03656A6620D2482200CFC5D7;
			productRefGroup = 03656A7020D2482200CFC5D7 /* Products */;
			projectDirPath = "";
			projectRoot = "";
			targets = (
				03656A6E20D2482200CFC5D7 /* TestLineChart */,
			);
		};
/* End PBXProject section */

/* Begin PBXResourcesBuildPhase section */
		03656A6D20D2482200CFC5D7 /* Resources */ = {
			isa = PBXResourcesBuildPhase;
			buildActionMask = 2147483647;
			files = (
				03656A7D20D2482400CFC5D7 /* LaunchScreen.storyboard in Resources */,
				03656A7A20D2482400CFC5D7 /* Assets.xcassets in Resources */,
				03656A7820D2482200CFC5D7 /* Main.storyboard in Resources */,
			);
			runOnlyForDeploymentPostprocessing = 0;
		};
/* End PBXResourcesBuildPhase section */

/* Begin PBXShellScriptBuildPhase section */
		7057D5CBEA7E1CF658A83CCE /* [CP] Check Pods Manifest.lock */ = {
			isa = PBXShellScriptBuildPhase;
			buildActionMask = 2147483647;
			files = (
			);
			inputPaths = (
				"${PODS_PODFILE_DIR_PATH}/Podfile.lock",
				"${PODS_ROOT}/Manifest.lock",
			);
			name = "[CP] Check Pods Manifest.lock";
			outputPaths = (
				"$(DERIVED_FILE_DIR)/Pods-TestLineChart-checkManifestLockResult.txt",
			);
			runOnlyForDeploymentPostprocessing = 0;
			shellPath = /bin/sh;
			shellScript = "diff \"${PODS_PODFILE_DIR_PATH}/Podfile.lock\" \"${PODS_ROOT}/Manifest.lock\" > /dev/null\nif [ $? != 0 ] ; then\n    # print error to STDERR\n    echo \"error: The sandbox is not in sync with the Podfile.lock. Run 'pod install' or update your CocoaPods installation.\" >&2\n    exit 1\nfi\n# This output is used by Xcode 'outputs' to avoid re-running this script phase.\necho \"SUCCESS\" > \"${SCRIPT_OUTPUT_FILE_0}\"\n";
			showEnvVarsInLog = 0;
		};
		ED52106CA768675FB33275DD /* [CP] Embed Pods Frameworks */ = {
			isa = PBXShellScriptBuildPhase;
			buildActionMask = 2147483647;
			files = (
			);
			inputPaths = (
				"${SRCROOT}/Pods/Target Support Files/Pods-TestLineChart/Pods-TestLineChart-frameworks.sh",
				"${BUILT_PRODUCTS_DIR}/Charts/Charts.framework",
			);
			name = "[CP] Embed Pods Frameworks";
			outputPaths = (
				"${TARGET_BUILD_DIR}/${FRAMEWORKS_FOLDER_PATH}/Charts.framework",
			);
			runOnlyForDeploymentPostprocessing = 0;
			shellPath = /bin/sh;
			shellScript = "\"${SRCROOT}/Pods/Target Support Files/Pods-TestLineChart/Pods-TestLineChart-frameworks.sh\"\n";
			showEnvVarsInLog = 0;
		};
/* End PBXShellScriptBuildPhase section */

/* Begin PBXSourcesBuildPhase section */
		03656A6B20D2482200CFC5D7 /* Sources */ = {
			isa = PBXSourcesBuildPhase;
			buildActionMask = 2147483647;
			files = (
				03656A7520D2482200CFC5D7 /* ViewController.swift in Sources */,
				03656A7320D2482200CFC5D7 /* AppDelegate.swift in Sources */,
			);
			runOnlyForDeploymentPostprocessing = 0;
		};
/* End PBXSourcesBuildPhase section */

/* Begin PBXVariantGroup section */
		03656A7620D2482200CFC5D7 /* Main.storyboard */ = {
			isa = PBXVariantGroup;
			children = (
				03656A7720D2482200CFC5D7 /* Base */,
			);
			name = Main.storyboard;
			sourceTree = "<group>";
		};
		03656A7B20D2482400CFC5D7 /* LaunchScreen.storyboard */ = {
			isa = PBXVariantGroup;
			children = (
				03656A7C20D2482400CFC5D7 /* Base */,
			);
			name = LaunchScreen.storyboard;
			sourceTree = "<group>";
		};
/* End PBXVariantGroup section */

/* Begin XCBuildConfiguration section */
		03656A7F20D2482400CFC5D7 /* Debug */ = {
			isa = XCBuildConfiguration;
			buildSettings = {
				ALWAYS_SEARCH_USER_PATHS = NO;
				CLANG_ANALYZER_NONNULL = YES;
				CLANG_ANALYZER_NUMBER_OBJECT_CONVERSION = YES_AGGRESSIVE;
				CLANG_CXX_LANGUAGE_STANDARD = "gnu++14";
				CLANG_CXX_LIBRARY = "libc++";
				CLANG_ENABLE_MODULES = YES;
				CLANG_ENABLE_OBJC_ARC = YES;
				CLANG_ENABLE_OBJC_WEAK = YES;
				CLANG_WARN_BLOCK_CAPTURE_AUTORELEASING = YES;
				CLANG_WARN_BOOL_CONVERSION = YES;
				CLANG_WARN_COMMA = YES;
				CLANG_WARN_CONSTANT_CONVERSION = YES;
				CLANG_WARN_DEPRECATED_OBJC_IMPLEMENTATIONS = YES;
				CLANG_WARN_DIRECT_OBJC_ISA_USAGE = YES_ERROR;
				CLANG_WARN_DOCUMENTATION_COMMENTS = YES;
				CLANG_WARN_EMPTY_BODY = YES;
				CLANG_WARN_ENUM_CONVERSION = YES;
				CLANG_WARN_INFINITE_RECURSION = YES;
				CLANG_WARN_INT_CONVERSION = YES;
				CLANG_WARN_NON_LITERAL_NULL_CONVERSION = YES;
				CLANG_WARN_OBJC_IMPLICIT_RETAIN_SELF = YES;
				CLANG_WARN_OBJC_LITERAL_CONVERSION = YES;
				CLANG_WARN_OBJC_ROOT_CLASS = YES_ERROR;
				CLANG_WARN_RANGE_LOOP_ANALYSIS = YES;
				CLANG_WARN_STRICT_PROTOTYPES = YES;
				CLANG_WARN_SUSPICIOUS_MOVE = YES;
				CLANG_WARN_UNGUARDED_AVAILABILITY = YES_AGGRESSIVE;
				CLANG_WARN_UNREACHABLE_CODE = YES;
				CLANG_WARN__DUPLICATE_METHOD_MATCH = YES;
				CODE_SIGN_IDENTITY = "iPhone Developer";
				COPY_PHASE_STRIP = NO;
				DEBUG_INFORMATION_FORMAT = dwarf;
				ENABLE_STRICT_OBJC_MSGSEND = YES;
				ENABLE_TESTABILITY = YES;
				GCC_C_LANGUAGE_STANDARD = gnu11;
				GCC_DYNAMIC_NO_PIC = NO;
				GCC_NO_COMMON_BLOCKS = YES;
				GCC_OPTIMIZATION_LEVEL = 0;
				GCC_PREPROCESSOR_DEFINITIONS = (
					"DEBUG=1",
					"$(inherited)",
				);
				GCC_WARN_64_TO_32_BIT_CONVERSION = YES;
				GCC_WARN_ABOUT_RETURN_TYPE = YES_ERROR;
				GCC_WARN_UNDECLARED_SELECTOR = YES;
				GCC_WARN_UNINITIALIZED_AUTOS = YES_AGGRESSIVE;
				GCC_WARN_UNUSED_FUNCTION = YES;
				GCC_WARN_UNUSED_VARIABLE = YES;
				IPHONEOS_DEPLOYMENT_TARGET = 11.3;
				MTL_ENABLE_DEBUG_INFO = YES;
				ONLY_ACTIVE_ARCH = YES;
				SDKROOT = iphoneos;
				SWIFT_ACTIVE_COMPILATION_CONDITIONS = DEBUG;
				SWIFT_OPTIMIZATION_LEVEL = "-Onone";
			};
			name = Debug;
		};
		03656A8020D2482400CFC5D7 /* Release */ = {
			isa = XCBuildConfiguration;
			buildSettings = {
				ALWAYS_SEARCH_USER_PATHS = NO;
				CLANG_ANALYZER_NONNULL = YES;
				CLANG_ANALYZER_NUMBER_OBJECT_CONVERSION = YES_AGGRESSIVE;
				CLANG_CXX_LANGUAGE_STANDARD = "gnu++14";
				CLANG_CXX_LIBRARY = "libc++";
				CLANG_ENABLE_MODULES = YES;
				CLANG_ENABLE_OBJC_ARC = YES;
				CLANG_ENABLE_OBJC_WEAK = YES;
				CLANG_WARN_BLOCK_CAPTURE_AUTORELEASING = YES;
				CLANG_WARN_BOOL_CONVERSION = YES;
				CLANG_WARN_COMMA = YES;
				CLANG_WARN_CONSTANT_CONVERSION = YES;
				CLANG_WARN_DEPRECATED_OBJC_IMPLEMENTATIONS = YES;
				CLANG_WARN_DIRECT_OBJC_ISA_USAGE = YES_ERROR;
				CLANG_WARN_DOCUMENTATION_COMMENTS = YES;
				CLANG_WARN_EMPTY_BODY = YES;
				CLANG_WARN_ENUM_CONVERSION = YES;
				CLANG_WARN_INFINITE_RECURSION = YES;
				CLANG_WARN_INT_CONVERSION = YES;
				CLANG_WARN_NON_LITERAL_NULL_CONVERSION = YES;
				CLANG_WARN_OBJC_IMPLICIT_RETAIN_SELF = YES;
				CLANG_WARN_OBJC_LITERAL_CONVERSION = YES;
				CLANG_WARN_OBJC_ROOT_CLASS = YES_ERROR;
				CLANG_WARN_RANGE_LOOP_ANALYSIS = YES;
				CLANG_WARN_STRICT_PROTOTYPES = YES;
				CLANG_WARN_SUSPICIOUS_MOVE = YES;
				CLANG_WARN_UNGUARDED_AVAILABILITY = YES_AGGRESSIVE;
				CLANG_WARN_UNREACHABLE_CODE = YES;
				CLANG_WARN__DUPLICATE_METHOD_MATCH = YES;
				CODE_SIGN_IDENTITY = "iPhone Developer";
				COPY_PHASE_STRIP = NO;
				DEBUG_INFORMATION_FORMAT = "dwarf-with-dsym";
				ENABLE_NS_ASSERTIONS = NO;
				ENABLE_STRICT_OBJC_MSGSEND = YES;
				GCC_C_LANGUAGE_STANDARD = gnu11;
				GCC_NO_COMMON_BLOCKS = YES;
				GCC_WARN_64_TO_32_BIT_CONVERSION = YES;
				GCC_WARN_ABOUT_RETURN_TYPE = YES_ERROR;
				GCC_WARN_UNDECLARED_SELECTOR = YES;
				GCC_WARN_UNINITIALIZED_AUTOS = YES_AGGRESSIVE;
				GCC_WARN_UNUSED_FUNCTION = YES;
				GCC_WARN_UNUSED_VARIABLE = YES;
				IPHONEOS_DEPLOYMENT_TARGET = 11.3;
				MTL_ENABLE_DEBUG_INFO = NO;
				SDKROOT = iphoneos;
				SWIFT_COMPILATION_MODE = wholemodule;
				SWIFT_OPTIMIZATION_LEVEL = "-O";
				VALIDATE_PRODUCT = YES;
			};
			name = Release;
		};
		03656A8220D2482400CFC5D7 /* Debug */ = {
			isa = XCBuildConfiguration;
			baseConfigurationReference = 08E7D91A3137D97A7B5173BC /* Pods-TestLineChart.debug.xcconfig */;
			buildSettings = {
				ASSETCATALOG_COMPILER_APPICON_NAME = AppIcon;
				CODE_SIGN_STYLE = Automatic;
				INFOPLIST_FILE = TestLineChart/Info.plist;
				LD_RUNPATH_SEARCH_PATHS = "$(inherited) @executable_path/Frameworks";
				PRODUCT_BUNDLE_IDENTIFIER = com.hnc.TestLineChart;
				PRODUCT_NAME = "$(TARGET_NAME)";
				SWIFT_VERSION = 4.0;
				TARGETED_DEVICE_FAMILY = "1,2";
			};
			name = Debug;
		};
		03656A8320D2482400CFC5D7 /* Release */ = {
			isa = XCBuildConfiguration;
			baseConfigurationReference = 7396FB12E0E5BA119E587DB1 /* Pods-TestLineChart.release.xcconfig */;
			buildSettings = {
				ASSETCATALOG_COMPILER_APPICON_NAME = AppIcon;
				CODE_SIGN_STYLE = Automatic;
				INFOPLIST_FILE = TestLineChart/Info.plist;
				LD_RUNPATH_SEARCH_PATHS = "$(inherited) @executable_path/Frameworks";
				PRODUCT_BUNDLE_IDENTIFIER = com.hnc.TestLineChart;
				PRODUCT_NAME = "$(TARGET_NAME)";
				SWIFT_VERSION = 4.0;
				TARGETED_DEVICE_FAMILY = "1,2";
			};
			name = Release;
		};
/* End XCBuildConfiguration section */

/* Begin XCConfigurationList section */
		03656A6A20D2482200CFC5D7 /* Build configuration list for PBXProject "TestLineChart" */ = {
			isa = XCConfigurationList;
			buildConfigurations = (
				03656A7F20D2482400CFC5D7 /* Debug */,
				03656A8020D2482400CFC5D7 /* Release */,
			);
			defaultConfigurationIsVisible = 0;
			defaultConfigurationName = Release;
		};
		03656A8120D2482400CFC5D7 /* Build configuration list for PBXNativeTarget "TestLineChart" */ = {
			isa = XCConfigurationList;
			buildConfigurations = (
				03656A8220D2482400CFC5D7 /* Debug */,
				03656A8320D2482400CFC5D7 /* Release */,
			);
			defaultConfigurationIsVisible = 0;
			defaultConfigurationName = Release;
		};
/* End XCConfigurationList section */
	};
	rootObject = 03656A6720D2482200CFC5D7 /* Project object */;
}
